
Microsoft Visual Studio Solution File, Format Version 12.00
# Visual Studio Version 17
VisualStudioVersion = 17.10.35013.160
MinimumVisualStudioVersion = 10.0.40219.1
Project("{FAE04EC0-301F-11D3-BF4B-00C04F79EFBC}") = "ShuanWebAPI", "ShuanWebAPI\ShuanWebAPI.csproj", "{857680F6-1792-4EBC-A17C-2A19838267BC}"
EndProject
Global
	GlobalSection(SolutionConfigurationPlatforms) = preSolution
		Debug|Any CPU = Debug|Any CPU
		Release|Any CPU = Release|Any CPU
	EndGlobalSection
	GlobalSection(ProjectConfigurationPlatforms) = postSolution
		{857680F6-1792-4EBC-A17C-2A19838267BC}.Debug|Any CPU.ActiveCfg = Debug|Any CPU
		{857680F6-1792-4EBC-A17C-2A19838267BC}.Debug|Any CPU.Build.0 = Debug|Any CPU
		{857680F6-1792-4EBC-A17C-2A19838267BC}.Release|Any CPU.ActiveCfg = Release|Any CPU
		{857680F6-1792-4EBC-A17C-2A19838267BC}.Release|Any CPU.Build.0 = Release|Any CPU
	EndGlobalSection
	GlobalSection(SolutionProperties) = preSolution
		HideSolutionNode = FALSE
	EndGlobalSection
	GlobalSection(ExtensibilityGlobals) = postSolution
		SolutionGuid = {9D53AF75-7F2C-4B41-B8BF-959E364E30AF}
	EndGlobalSection
EndGlobal
